# THIS IS AN AUTOGENERATED FILE. DO NOT EDIT THIS FILE DIRECTLY.
# yarn lockfile v1


"@artdeco/clean-stack@^1.1.1":
  version "1.1.1"
  resolved "https://registry.yarnpkg.com/@artdeco/clean-stack/-/clean-stack-1.1.1.tgz#0a68b9a061b5076ebaf948c150ea26d09c1e753f"
  integrity sha512-q5lO3vGUo0WgkSqzgzjL0HQdA9t2HzQqZISuVuQWMh9xqLuiLFP/ZTsxFc8vpMl7mNpGk7Mm0OeyFQ+Evrp0Cw==

"@zoroaster/assert@^1.0.2":
  version "1.0.2"
  resolved "https://registry.yarnpkg.com/@zoroaster/assert/-/assert-1.0.2.tgz#8ffe2ebb10c81d570d4965080f942af688321a1f"
  integrity sha512-5C0LDzW8DkiSSCLyYO9ux3R5ru65yEn/GtxH1wh7ukRhLAZ/Svx4+A81YvciXcn35B2VmvCqyiTrhNdxdgusSw==

"@zoroaster/mask@^2.1.1":
  version "2.2.0"
  resolved "https://registry.yarnpkg.com/@zoroaster/mask/-/mask-2.2.0.tgz#fecdcb6f863440519b91b51f09549b1e981e84da"
  integrity sha512-/k9B/ofxE4x9Vs6EOjXQjcsltraJzNLg/uxEwzfCZUN+foiJxK/j+YBiyJmN3Gwpnry2D3Qs0D3Qm+SMkLqkTg==

alamode@2.4.0, alamode@^2.1.2, alamode@^2.4.0:
  version "2.4.0"
  resolved "https://registry.yarnpkg.com/alamode/-/alamode-2.4.0.tgz#f774e808acb214f93a890c139ad7819e05d8f1b2"
  integrity sha512-SpZICdlHLK+9uRVkJEJlqPMlvbE03B28TtCzwBNfjLzc7hAZVghzlOn4lSUQLYXK06/4ae7GxLMn7eXMCSkiRw==

argufy@^1.7.1:
  version "1.7.1"
  resolved "https://registry.yarnpkg.com/argufy/-/argufy-1.7.1.tgz#9ce00778d9d404e083c5e5dd0ac1677c950d4d4b"
  integrity sha512-xsy9ooVGfFn0V2J7IbsCPg5Hx6Qw93jnBMl/I35qt9lRS+53ioLdAOvStYSdI6sdCCTnrw1fZFR5m16FIcfPCg==

catchment@^1.0.0:
  version "1.0.0"
  resolved "https://registry.yarnpkg.com/catchment/-/catchment-1.0.0.tgz#3061f71be0102710be84328d2f94363a165f8c4b"
  integrity sha1-MGH3G+AQJxC+hDKNL5Q2OhZfjEs=

catchment@^3.3.0:
  version "3.3.0"
  resolved "https://registry.yarnpkg.com/catchment/-/catchment-3.3.0.tgz#e57eb70183d6a75ee71da0cb8ec2e76ac01317d2"
  integrity sha512-PACm54CBCUZv1uEOMyNiB6i0kkDMdDN0+VYXIQAaeZMDcjudyPccgpYLWQfGCwCW/Q9SOfD6MyBLmxL3qh7V3A==
  dependencies:
    "@artdeco/clean-stack" "^1.1.1"
    erotic "^2.1.0"

documentary@1.32.0:
  version "1.32.0"
  resolved "https://registry.yarnpkg.com/documentary/-/documentary-1.32.0.tgz#7dbd7b30c884fe1b70759019fda37d1ce904c397"
  integrity sha512-HiU0lcfdZLX4MBtfzb9Q7dIjEmhn5KN5SfhXIl742nQMmEwwicupSnyjcv/9+0tr/a4URH27P8MGNZ6zK/QJzw==
  dependencies:
    alamode "^2.4.0"
    preact "8.5.1"
    typal "^1.22.0"

erotic@^2.1.0:
  version "2.1.1"
  resolved "https://registry.yarnpkg.com/erotic/-/erotic-2.1.1.tgz#97f20c2d6e7fd2ec6f7996823009d3ac8ae7157f"
  integrity sha512-S1ns+uibigdXxxzqiO5VNZw3d0YNrVb4jZ7OUAklO4722/ytp+nta6txsUhYmnIEI0TF7jjXNjGvcmw0I/Rs7A==
  dependencies:
    "@artdeco/clean-stack" "^1.1.1"

eslint-config-artdeco@1.0.1:
  version "1.0.1"
  resolved "https://registry.yarnpkg.com/eslint-config-artdeco/-/eslint-config-artdeco-1.0.1.tgz#4451c9d0ed1ce4d33dfd43a6315f12c8bfb04274"
  integrity sha1-RFHJ0O0c5NM9/UOmMV8SyL+wQnQ=

preact@8.5.1:
  version "8.5.1"
  resolved "https://registry.yarnpkg.com/preact/-/preact-8.5.1.tgz#3a86cf5f3d4f6eb3349fa1f106ad59756c2af0e3"
  integrity sha512-YVnCgcboxGrorFVIPjViqkEPOtfYVDxn5GOJuXHQZiOty+JOw7A+1xJytv/mb1O2QIIRC0SyT+kapA7Wj3jdZA==

spawncommand@1.1.0:
  version "1.1.0"
  resolved "https://registry.yarnpkg.com/spawncommand/-/spawncommand-1.1.0.tgz#80a56ed3c06ab3b91643cf3f6cef38bf582fdb15"
  integrity sha1-gKVu08Bqs7kWQ88/bO84v1gv2xU=
  dependencies:
    catchment "^1.0.0"

spawncommand@^2.2.0:
  version "2.2.0"
  resolved "https://registry.yarnpkg.com/spawncommand/-/spawncommand-2.2.0.tgz#545791d135482bd5428c9de1e889305abde42889"
  integrity sha512-WTmgdPAoXKgb4DyYArazcpR6KUcRMhXbSN3c1jE/QvX8jMkAV9/WI6yrJBsPL9q3sEfXjPyoat+/0yYYm8i+9w==
  dependencies:
    catchment "^3.3.0"

typal@^1.22.0:
  version "1.22.0"
  resolved "https://registry.yarnpkg.com/typal/-/typal-1.22.0.tgz#2d177cccdf77c2905fb8a16ba2d54d38974d0f67"
  integrity sha512-5FE5PE2USsSMkjStHbzCAXBznQBrcJD8oIZFIpYYwikIZCSJpiJ4HaaJ8KqzNS0KpYU2KmFNDmwANvJMlVZ3cw==

yarn-s@1.1.0:
  version "1.1.0"
  resolved "https://registry.yarnpkg.com/yarn-s/-/yarn-s-1.1.0.tgz#8c65555d7c7ccb5a61e18440b8b0e4cb48b76b9d"
  integrity sha1-jGVVXXx8y1ph4YRAuLDky0i3a50=
  dependencies:
    spawncommand "1.1.0"

zoroaster@4.1.1-alpha:
  version "4.1.1-alpha"
  resolved "https://registry.yarnpkg.com/zoroaster/-/zoroaster-4.1.1-alpha.tgz#06dbfc3f903edd3b46612200f108406a91d5d0ed"
  integrity sha512-p2mIXQhKGmaxFQdWSyNYAqK3gdtwBJhjgjOBX64L2rNJiZF7P9qCpY0ryY+BdJMORC4JuerJwihAsPgef2rHZw==
  dependencies:
    "@zoroaster/assert" "^1.0.2"
    "@zoroaster/mask" "^2.1.1"
    alamode "^2.1.2"
